
Microsoft Visual Studio Solution File, Format Version 12.00
# Visual Studio Version 16
VisualStudioVersion = 16.0.29806.167
MinimumVisualStudioVersion = 10.0.40219.1
Project("{8BC9CEB8-8B4A-11D0-8D11-00A0C91BC942}") = "PatchMatchStereo_CUDA", "PatchMatchStereo_CUDA.vcxproj", "{1993DF0D-95E7-4F66-B357-9B124E6BC397}"
EndProject
Global
	GlobalSection(SolutionConfigurationPlatforms) = preSolution
		Debug|x64 = Debug|x64
		Release|x64 = Release|x64
	EndGlobalSection
	GlobalSection(ProjectConfigurationPlatforms) = postSolution
		{1993DF0D-95E7-4F66-B357-9B124E6BC397}.Debug|x64.ActiveCfg = Debug|x64
		{1993DF0D-95E7-4F66-B357-9B124E6BC397}.Debug|x64.Build.0 = Debug|x64
		{1993DF0D-95E7-4F66-B357-9B124E6BC397}.Release|x64.ActiveCfg = Release|x64
		{1993DF0D-95E7-4F66-B357-9B124E6BC397}.Release|x64.Build.0 = Release|x64
	EndGlobalSection
	GlobalSection(SolutionProperties) = preSolution
		HideSolutionNode = FALSE
	EndGlobalSection
	GlobalSection(ExtensibilityGlobals) = postSolution
		SolutionGuid = {6A879C40-51B6-492E-8B43-C874A4EE1D50}
	EndGlobalSection
EndGlobal
